
Microsoft Visual Studio Solution File, Format Version 12.00
# Visual Studio Version 17
VisualStudioVersion = 17.5.33516.290
MinimumVisualStudioVersion = 10.0.40219.1
Project("{9A19103F-16F7-4668-BE54-9A1E7A4F7556}") = "XGE3D", "XGE3D.csproj", "{77688636-0DC0-48F8-B14A-93FEE80AF5DA}"
EndProject
Project("{9A19103F-16F7-4668-BE54-9A1E7A4F7556}") = "Wildertude", "..\Wildertude\Wildertude.csproj", "{72981C57-E0F1-4AE5-B75C-94C1139D4DF3}"
EndProject
Global
	GlobalSection(SolutionConfigurationPlatforms) = preSolution
		Debug|Any CPU = Debug|Any CPU
		Release|Any CPU = Release|Any CPU
	EndGlobalSection
	GlobalSection(ProjectConfigurationPlatforms) = postSolution
		{77688636-0DC0-48F8-B14A-93FEE80AF5DA}.Debug|Any CPU.ActiveCfg = Debug|Any CPU
		{77688636-0DC0-48F8-B14A-93FEE80AF5DA}.Debug|Any CPU.Build.0 = Debug|Any CPU
		{77688636-0DC0-48F8-B14A-93FEE80AF5DA}.Release|Any CPU.ActiveCfg = Release|Any CPU
		{77688636-0DC0-48F8-B14A-93FEE80AF5DA}.Release|Any CPU.Build.0 = Release|Any CPU
		{72981C57-E0F1-4AE5-B75C-94C1139D4DF3}.Debug|Any CPU.ActiveCfg = Debug|Any CPU
		{72981C57-E0F1-4AE5-B75C-94C1139D4DF3}.Debug|Any CPU.Build.0 = Debug|Any CPU
		{72981C57-E0F1-4AE5-B75C-94C1139D4DF3}.Release|Any CPU.ActiveCfg = Release|Any CPU
		{72981C57-E0F1-4AE5-B75C-94C1139D4DF3}.Release|Any CPU.Build.0 = Release|Any CPU
	EndGlobalSection
	GlobalSection(SolutionProperties) = preSolution
		HideSolutionNode = FALSE
	EndGlobalSection
	GlobalSection(ExtensibilityGlobals) = postSolution
		SolutionGuid = {19040037-FA71-4FB4-ACA0-901FA4EF3A9C}
	EndGlobalSection
EndGlobal
